dependencies:
- name: create-secret-manager-secret
  repository: https://broadinstitute.github.io/datarepo-helm/
  version: 0.0.6
- name: backend-config
  repository: https://broadinstitute.github.io/datarepo-helm/
  version: 0.1.0
- name: gcp-managed-cert
  repository: https://broadinstitute.github.io/datarepo-helm/
  version: 0.1.2
- name: kube-prometheus-stack
  repository: https://prometheus-community.github.io/helm-charts/
  version: 9.4.5
digest: sha256:dd9c5a0765a37da60265389fc08ba14e8fa39112aa46ecec57fb82a68b618f64
generated: "2020-10-01T16:29:21.118566-04:00"
