dependencies:
- name: datarepo-api
  repository: https://broadinstitute.github.io/datarepo-helm/
  version: 0.0.141
- name: oidc-proxy
  repository: https://broadinstitute.github.io/datarepo-helm/
  version: 0.0.22
- name: datarepo-ui
  repository: https://broadinstitute.github.io/datarepo-helm/
  version: 0.0.78
- name: gcloud-sqlproxy
  repository: https://broadinstitute.github.io/datarepo-helm/
  version: 0.19.7
- name: create-secret-manager-secret
  repository: https://broadinstitute.github.io/datarepo-helm/
  version: 0.0.6
- name: de-elasticsearch
  repository: https://broadinstitute.github.io/datarepo-helm/
  version: 0.1.1
digest: sha256:24e49ff7de4ac73883ba7df198a43de9928632e2dfa68ca180e0bd4823ce1537
generated: "2021-07-09T15:59:25.050525825Z"
