dependencies:
- name: datarepo-api
  repository: https://broadinstitute.github.io/datarepo-helm/
  version: 0.0.594
- name: oidc-proxy
  repository: https://broadinstitute.github.io/datarepo-helm/
  version: 0.0.42
- name: datarepo-ui
  repository: https://broadinstitute.github.io/datarepo-helm/
  version: 0.0.311
- name: gcloud-sqlproxy
  repository: https://broadinstitute.github.io/datarepo-helm/
  version: 0.19.9
- name: create-secret-manager-secret
  repository: https://broadinstitute.github.io/datarepo-helm/
  version: 0.0.6
- name: postgres
  repository: https://terra-helm.storage.googleapis.com/
  version: 0.26.0
digest: sha256:652b686e99c874e3a43bb781609cb6fc3849e03f2dcc70c1b259f443123141a0
generated: "2024-02-06T17:33:13.220896515Z"
