dependencies:
- name: datarepo-api
  repository: https://broadinstitute.github.io/datarepo-helm/
  version: 0.0.439
- name: oidc-proxy
  repository: https://broadinstitute.github.io/datarepo-helm/
  version: 0.0.39
- name: datarepo-ui
  repository: https://broadinstitute.github.io/datarepo-helm/
  version: 0.0.212
- name: gcloud-sqlproxy
  repository: https://broadinstitute.github.io/datarepo-helm/
  version: 0.19.8
- name: create-secret-manager-secret
  repository: https://broadinstitute.github.io/datarepo-helm/
  version: 0.0.6
- name: de-elasticsearch
  repository: https://broadinstitute.github.io/datarepo-helm/
  version: 0.1.4
- name: postgres
  repository: https://terra-helm.storage.googleapis.com/
  version: 0.26.0
digest: sha256:c9614e824d63312c5f680196f1bcd86f6be65828d78710b312f65ebded6d6097
generated: "2022-12-26T15:48:34.183966127Z"
