dependencies:
- name: create-secret-manager-secret
  repository: https://broadinstitute.github.io/datarepo-helm/
  version: 0.0.6
- name: backend-config
  repository: https://broadinstitute.github.io/datarepo-helm/
  version: 0.1.0
- name: frontend-config
  repository: https://broadinstitute.github.io/datarepo-helm/
  version: 0.1.0
- name: gcp-managed-cert
  repository: https://broadinstitute.github.io/datarepo-helm/
  version: 0.1.3
- name: gcp-managed-cert
  repository: https://broadinstitute.github.io/datarepo-helm/
  version: 0.1.3
- name: kube-prometheus-stack
  repository: https://prometheus-community.github.io/helm-charts/
  version: 9.4.5
digest: sha256:11137e6acbb9b26fc040ae6b52bc28fe6461312d5b082963bd60a0d8a59cc380
generated: "2021-12-03T10:39:21.645549-05:00"
