name: Test datarepo chart reporting

on: pull_request

jobs:
  release_new_umbrella_dr:
    runs-on: ubuntu-latest
    permissions:
      contents: "read"
      id-token: "write"
    steps:
      - name: Checkout
        uses: actions/checkout@v3
        with:
          persist-credentials: true
          fetch-depth: 0   # otherwise, you will failed to push refs to dest repo
          token: "${{ secrets.BROADBOT_TOKEN }}" #otherwise merge will fail
          ref: master

      - name: "Get current umbrella chart version"
        id: parent-chart
        uses: mikefarah/yq@v4.33.3
        with:
          cmd: echo "version=$(yq '.version' charts/datarepo/Chart.yaml)" >> $GITHUB_OUTPUT

      - name: "demo bump umbrella"
        run: |-
          wget -O /usr/local/bin/yq "https://github.com/mikefarah/yq/releases/download/3.2.1/yq_linux_amd64"
          chmod +x /usr/local/bin/yq
          umbrella_version=$(yq r charts/datarepo/Chart.yaml 'version')
          a=(`echo $umbrella_version | sed 's/\./ /g'`)
          ((a[2]++))
          printf "increase patch: ${a[2]}\n\n"
          new_umbrella_version="${a[0]}.${a[1]}.${a[2]}"

          yq w -i charts/datarepo/Chart.yaml 'version' "${new_umbrella_version}"
          yq w -i charts/datarepo/Chart.yaml 'appVersion' "${new_umbrella_version}"

      - name: "Get new umbrella chart version"
        id: new-chart
        uses: mikefarah/yq@v4.33.3
        with:
          cmd: echo "version=$(yq '.version' charts/datarepo/Chart.yaml)" >> $GITHUB_OUTPUT

      - name: "check outputs"
        run: |-
          echo ${{ steps.new-chart.outputs.version }}
          echo ${{ steps.parent-chart.outputs.version }}

      - name: "report umbrella chart to sherlock"
        uses: broadinstitute/sherlock/.github/workflows/client-report-chart-version.yaml@main
        with:
          new-version: ${{ steps.new-chart.outputs.version }}
          parent-chart-version: ${{ steps.parent-chart.outputs.version }}
          chart-name: "datarepo"
          use-sherlock-prod: false
